// !$*UTF8*$!
{
	archiveVersion = 1;
	classes = {
	};
	objectVersion = 48;
	objects = {

/* Begin PBXBuildFile section */
		BBD861FC1FF9E5A900A33873 /* AppDelegate.swift in Sources */ = {isa = PBXBuildFile; fileRef = BBD861FB1FF9E5A900A33873 /* AppDelegate.swift */; };
		BBD861FE1FF9E5A900A33873 /* ViewController.swift in Sources */ = {isa = PBXBuildFile; fileRef = BBD861FD1FF9E5A900A33873 /* ViewController.swift */; };
		BBD862011FF9E5A900A33873 /* Main.storyboard in Resources */ = {isa = PBXBuildFile; fileRef = BBD861FF1FF9E5A900A33873 /* Main.storyboard */; };
		BBD862031FF9E5A900A33873 /* Assets.xcassets in Resources */ = {isa = PBXBuildFile; fileRef = BBD862021FF9E5A900A33873 /* Assets.xcassets */; };
		BBD862061FF9E5A900A33873 /* LaunchScreen.storyboard in Resources */ = {isa = PBXBuildFile; fileRef = BBD862041FF9E5A900A33873 /* LaunchScreen.storyboard */; };
/* End PBXBuildFile section */

/* Begin PBXFileReference section */
		BBD861F81FF9E5A900A33873 /* TPM Parse.app */ = {isa = PBXFileReference; explicitFileType = wrapper.application; includeInIndex = 0; path = "TPM Parse.app"; sourceTree = BUILT_PRODUCTS_DIR; };
		BBD861FB1FF9E5A900A33873 /* AppDelegate.swift */ = {isa = PBXFileReference; lastKnownFileType = sourcecode.swift; path = AppDelegate.swift; sourceTree = "<group>"; };
		BBD861FD1FF9E5A900A33873 /* ViewController.swift */ = {isa = PBXFileReference; lastKnownFileType = sourcecode.swift; path = ViewController.swift; sourceTree = "<group>"; };
		BBD862001FF9E5A900A33873 /* Base */ = {isa = PBXFileReference; lastKnownFileType = file.storyboard; name = Base; path = Base.lproj/Main.storyboard; sourceTree = "<group>"; };
		BBD862021FF9E5A900A33873 /* Assets.xcassets */ = {isa = PBXFileReference; lastKnownFileType = folder.assetcatalog; path = Assets.xcassets; sourceTree = "<group>"; };
		BBD862051FF9E5A900A33873 /* Base */ = {isa = PBXFileReference; lastKnownFileType = file.storyboard; name = Base; path = Base.lproj/LaunchScreen.storyboard; sourceTree = "<group>"; };
		BBD862071FF9E5A900A33873 /* Info.plist */ = {isa = PBXFileReference; lastKnownFileType = text.plist.xml; path = Info.plist; sourceTree = "<group>"; };
/* End PBXFileReference section */

/* Begin PBXFrameworksBuildPhase section */
		BBD861F51FF9E5A900A33873 /* Frameworks */ = {
			isa = PBXFrameworksBuildPhase;
			buildActionMask = 2147483647;
			files = (
			);
			runOnlyForDeploymentPostprocessing = 0;
		};
/* End PBXFrameworksBuildPhase section */

/* Begin PBXGroup section */
		BBD861EF1FF9E5A900A33873 = {
			isa = PBXGroup;
			children = (
				BBD861FA1FF9E5A900A33873 /* TPM Parse */,
				BBD861F91FF9E5A900A33873 /* Products */,
			);
			sourceTree = "<group>";
		};
		BBD861F91FF9E5A900A33873 /* Products */ = {
			isa = PBXGroup;
			children = (
				BBD861F81FF9E5A900A33873 /* TPM Parse.app */,
			);
			name = Products;
			sourceTree = "<group>";
		};
		BBD861FA1FF9E5A900A33873 /* TPM Parse */ = {
			isa = PBXGroup;
			children = (
				BBD861FB1FF9E5A900A33873 /* AppDelegate.swift */,
				BBD861FD1FF9E5A900A33873 /* ViewController.swift */,
				BBD861FF1FF9E5A900A33873 /* Main.storyboard */,
				BBD862021FF9E5A900A33873 /* Assets.xcassets */,
				BBD862041FF9E5A900A33873 /* LaunchScreen.storyboard */,
				BBD862071FF9E5A900A33873 /* Info.plist */,
			);
			path = "TPM Parse";
			sourceTree = "<group>";
		};
/* End PBXGroup section */

/* Begin PBXNativeTarget section */
		BBD861F71FF9E5A900A33873 /* TPM Parse */ = {
			isa = PBXNativeTarget;
			buildConfigurationList = BBD8620A1FF9E5A900A33873 /* Build configuration list for PBXNativeTarget "TPM Parse" */;
			buildPhases = (
				BBD861F41FF9E5A900A33873 /* Sources */,
				BBD861F51FF9E5A900A33873 /* Frameworks */,
				BBD861F61FF9E5A900A33873 /* Resources */,
			);
			buildRules = (
			);
			dependencies = (
			);
			name = "TPM Parse";
			productName = "TPM Parse";
			productReference = BBD861F81FF9E5A900A33873 /* TPM Parse.app */;
			productType = "com.apple.product-type.application";
		};
/* End PBXNativeTarget section */

/* Begin PBXProject section */
		BBD861F01FF9E5A900A33873 /* Project object */ = {
			isa = PBXProject;
			attributes = {
				LastSwiftUpdateCheck = 0920;
				LastUpgradeCheck = 0920;
				ORGANIZATIONNAME = "Samman Thapa";
				TargetAttributes = {
					BBD861F71FF9E5A900A33873 = {
						CreatedOnToolsVersion = 9.2;
						ProvisioningStyle = Automatic;
					};
				};
			};
			buildConfigurationList = BBD861F31FF9E5A900A33873 /* Build configuration list for PBXProject "TPM Parse" */;
			compatibilityVersion = "Xcode 8.0";
			developmentRegion = en;
			hasScannedForEncodings = 0;
			knownRegions = (
				en,
				Base,
			);
			mainGroup = BBD861EF1FF9E5A900A33873;
			productRefGroup = BBD861F91FF9E5A900A33873 /* Products */;
			projectDirPath = "";
			projectRoot = "";
			targets = (
				BBD861F71FF9E5A900A33873 /* TPM Parse */,
			);
		};
/* End PBXProject section */

/* Begin PBXResourcesBuildPhase section */
		BBD861F61FF9E5A900A33873 /* Resources */ = {
			isa = PBXResourcesBuildPhase;
			buildActionMask = 2147483647;
			files = (
				BBD862061FF9E5A900A33873 /* LaunchScreen.storyboard in Resources */,
				BBD862031FF9E5A900A33873 /* Assets.xcassets in Resources */,
				BBD862011FF9E5A900A33873 /* Main.storyboard in Resources */,
			);
			runOnlyForDeploymentPostprocessing = 0;
		};
/* End PBXResourcesBuildPhase section */

/* Begin PBXSourcesBuildPhase section */
		BBD861F41FF9E5A900A33873 /* Sources */ = {
			isa = PBXSourcesBuildPhase;
			buildActionMask = 2147483647;
			files = (
				BBD861FE1FF9E5A900A33873 /* ViewController.swift in Sources */,
				BBD861FC1FF9E5A900A33873 /* AppDelegate.swift in Sources */,
			);
			runOnlyForDeploymentPostprocessing = 0;
		};
/* End PBXSourcesBuildPhase section */

/* Begin PBXVariantGroup section */
		BBD861FF1FF9E5A900A33873 /* Main.storyboard */ = {
			isa = PBXVariantGroup;
			children = (
				BBD862001FF9E5A900A33873 /* Base */,
			);
			name = Main.storyboard;
			sourceTree = "<group>";
		};
		BBD862041FF9E5A900A33873 /* LaunchScreen.storyboard */ = {
			isa = PBXVariantGroup;
			children = (
				BBD862051FF9E5A900A33873 /* Base */,
			);
			name = LaunchScreen.storyboard;
			sourceTree = "<group>";
		};
/* End PBXVariantGroup section */

/* Begin XCBuildConfiguration section */
		BBD862081FF9E5A900A33873 /* Debug */ = {
			isa = XCBuildConfiguration;
			buildSettings = {
				ALWAYS_SEARCH_USER_PATHS = NO;
				CLANG_ANALYZER_NONNULL = YES;
				CLANG_ANALYZER_NUMBER_OBJECT_CONVERSION = YES_AGGRESSIVE;
				CLANG_CXX_LANGUAGE_STANDARD = "gnu++14";
				CLANG_CXX_LIBRARY = "libc++";
				CLANG_ENABLE_MODULES = YES;
				CLANG_ENABLE_OBJC_ARC = YES;
				CLANG_WARN_BLOCK_CAPTURE_AUTORELEASING = YES;
				CLANG_WARN_BOOL_CONVERSION = YES;
				CLANG_WARN_COMMA = YES;
				CLANG_WARN_CONSTANT_CONVERSION = YES;
				CLANG_WARN_DIRECT_OBJC_ISA_USAGE = YES_ERROR;
				CLANG_WARN_DOCUMENTATION_COMMENTS = YES;
				CLANG_WARN_EMPTY_BODY = YES;
				CLANG_WARN_ENUM_CONVERSION = YES;
				CLANG_WARN_INFINITE_RECURSION = YES;
				CLANG_WARN_INT_CONVERSION = YES;
				CLANG_WARN_NON_LITERAL_NULL_CONVERSION = YES;
				CLANG_WARN_OBJC_LITERAL_CONVERSION = YES;
				CLANG_WARN_OBJC_ROOT_CLASS = YES_ERROR;
				CLANG_WARN_RANGE_LOOP_ANALYSIS = YES;
				CLANG_WARN_STRICT_PROTOTYPES = YES;
				CLANG_WARN_SUSPICIOUS_MOVE = YES;
				CLANG_WARN_UNGUARDED_AVAILABILITY = YES_AGGRESSIVE;
				CLANG_WARN_UNREACHABLE_CODE = YES;
				CLANG_WARN__DUPLICATE_METHOD_MATCH = YES;
				CODE_SIGN_IDENTITY = "iPhone Developer";
				COPY_PHASE_STRIP = NO;
				DEBUG_INFORMATION_FORMAT = dwarf;
				ENABLE_STRICT_OBJC_MSGSEND = YES;
				ENABLE_TESTABILITY = YES;
				GCC_C_LANGUAGE_STANDARD = gnu11;
				GCC_DYNAMIC_NO_PIC = NO;
				GCC_NO_COMMON_BLOCKS = YES;
				GCC_OPTIMIZATION_LEVEL = 0;
				GCC_PREPROCESSOR_DEFINITIONS = (
					"DEBUG=1",
					"$(inherited)",
				);
				GCC_WARN_64_TO_32_BIT_CONVERSION = YES;
				GCC_WARN_ABOUT_RETURN_TYPE = YES_ERROR;
				GCC_WARN_UNDECLARED_SELECTOR = YES;
				GCC_WARN_UNINITIALIZED_AUTOS = YES_AGGRESSIVE;
				GCC_WARN_UNUSED_FUNCTION = YES;
				GCC_WARN_UNUSED_VARIABLE = YES;
				IPHONEOS_DEPLOYMENT_TARGET = 11.2;
				MTL_ENABLE_DEBUG_INFO = YES;
				ONLY_ACTIVE_ARCH = YES;
				SDKROOT = iphoneos;
				SWIFT_ACTIVE_COMPILATION_CONDITIONS = DEBUG;
				SWIFT_OPTIMIZATION_LEVEL = "-Onone";
			};
			name = Debug;
		};
		BBD862091FF9E5A900A33873 /* Release */ = {
			isa = XCBuildConfiguration;
			buildSettings = {
				ALWAYS_SEARCH_USER_PATHS = NO;
				CLANG_ANALYZER_NONNULL = YES;
				CLANG_ANALYZER_NUMBER_OBJECT_CONVERSION = YES_AGGRESSIVE;
				CLANG_CXX_LANGUAGE_STANDARD = "gnu++14";
				CLANG_CXX_LIBRARY = "libc++";
				CLANG_ENABLE_MODULES = YES;
				CLANG_ENABLE_OBJC_ARC = YES;
				CLANG_WARN_BLOCK_CAPTURE_AUTORELEASING = YES;
				CLANG_WARN_BOOL_CONVERSION = YES;
				CLANG_WARN_COMMA = YES;
				CLANG_WARN_CONSTANT_CONVERSION = YES;
				CLANG_WARN_DIRECT_OBJC_ISA_USAGE = YES_ERROR;
				CLANG_WARN_DOCUMENTATION_COMMENTS = YES;
				CLANG_WARN_EMPTY_BODY = YES;
				CLANG_WARN_ENUM_CONVERSION = YES;
				CLANG_WARN_INFINITE_RECURSION = YES;
				CLANG_WARN_INT_CONVERSION = YES;
				CLANG_WARN_NON_LITERAL_NULL_CONVERSION = YES;
				CLANG_WARN_OBJC_LITERAL_CONVERSION = YES;
				CLANG_WARN_OBJC_ROOT_CLASS = YES_ERROR;
				CLANG_WARN_RANGE_LOOP_ANALYSIS = YES;
				CLANG_WARN_STRICT_PROTOTYPES = YES;
				CLANG_WARN_SUSPICIOUS_MOVE = YES;
				CLANG_WARN_UNGUARDED_AVAILABILITY = YES_AGGRESSIVE;
				CLANG_WARN_UNREACHABLE_CODE = YES;
				CLANG_WARN__DUPLICATE_METHOD_MATCH = YES;
				CODE_SIGN_IDENTITY = "iPhone Developer";
				COPY_PHASE_STRIP = NO;
				DEBUG_INFORMATION_FORMAT = "dwarf-with-dsym";
				ENABLE_NS_ASSERTIONS = NO;
				ENABLE_STRICT_OBJC_MSGSEND = YES;
				GCC_C_LANGUAGE_STANDARD = gnu11;
				GCC_NO_COMMON_BLOCKS = YES;
				GCC_WARN_64_TO_32_BIT_CONVERSION = YES;
				GCC_WARN_ABOUT_RETURN_TYPE = YES_ERROR;
				GCC_WARN_UNDECLARED_SELECTOR = YES;
				GCC_WARN_UNINITIALIZED_AUTOS = YES_AGGRESSIVE;
				GCC_WARN_UNUSED_FUNCTION = YES;
				GCC_WARN_UNUSED_VARIABLE = YES;
				IPHONEOS_DEPLOYMENT_TARGET = 11.2;
				MTL_ENABLE_DEBUG_INFO = NO;
				SDKROOT = iphoneos;
				SWIFT_OPTIMIZATION_LEVEL = "-Owholemodule";
				VALIDATE_PRODUCT = YES;
			};
			name = Release;
		};
		BBD8620B1FF9E5A900A33873 /* Debug */ = {
			isa = XCBuildConfiguration;
			buildSettings = {
				ASSETCATALOG_COMPILER_APPICON_NAME = AppIcon;
				CODE_SIGN_STYLE = Automatic;
				DEVELOPMENT_TEAM = K86KHC28SR;
				INFOPLIST_FILE = "TPM Parse/Info.plist";
				LD_RUNPATH_SEARCH_PATHS = "$(inherited) @executable_path/Frameworks";
				PRODUCT_BUNDLE_IDENTIFIER = "com.sammanapps.TPM-Parse";
				PRODUCT_NAME = "$(TARGET_NAME)";
				SWIFT_VERSION = 4.0;
				TARGETED_DEVICE_FAMILY = "1,2";
			};
			name = Debug;
		};
		BBD8620C1FF9E5A900A33873 /* Release */ = {
			isa = XCBuildConfiguration;
			buildSettings = {
				ASSETCATALOG_COMPILER_APPICON_NAME = AppIcon;
				CODE_SIGN_STYLE = Automatic;
				DEVELOPMENT_TEAM = K86KHC28SR;
				INFOPLIST_FILE = "TPM Parse/Info.plist";
				LD_RUNPATH_SEARCH_PATHS = "$(inherited) @executable_path/Frameworks";
				PRODUCT_BUNDLE_IDENTIFIER = "com.sammanapps.TPM-Parse";
				PRODUCT_NAME = "$(TARGET_NAME)";
				SWIFT_VERSION = 4.0;
				TARGETED_DEVICE_FAMILY = "1,2";
			};
			name = Release;
		};
/* End XCBuildConfiguration section */

/* Begin XCConfigurationList section */
		BBD861F31FF9E5A900A33873 /* Build configuration list for PBXProject "TPM Parse" */ = {
			isa = XCConfigurationList;
			buildConfigurations = (
				BBD862081FF9E5A900A33873 /* Debug */,
				BBD862091FF9E5A900A33873 /* Release */,
			);
			defaultConfigurationIsVisible = 0;
			defaultConfigurationName = Release;
		};
		BBD8620A1FF9E5A900A33873 /* Build configuration list for PBXNativeTarget "TPM Parse" */ = {
			isa = XCConfigurationList;
			buildConfigurations = (
				BBD8620B1FF9E5A900A33873 /* Debug */,
				BBD8620C1FF9E5A900A33873 /* Release */,
			);
			defaultConfigurationIsVisible = 0;
			defaultConfigurationName = Release;
		};
/* End XCConfigurationList section */
	};
	rootObject = BBD861F01FF9E5A900A33873 /* Project object */;
}
